
Microsoft Visual Studio Solution File, Format Version 12.00
# Visual Studio Version 16
VisualStudioVersion = 16.0.28729.10
MinimumVisualStudioVersion = 10.0.40219.1
Project("{FAE04EC0-301F-11D3-BF4B-00C04F79EFBC}") = "Mini ATM", "Mini ATM\Mini ATM.csproj", "{75EBF6C8-ED51-4E31-AF95-5E50361B7EE5}"
EndProject
Global
	GlobalSection(SolutionConfigurationPlatforms) = preSolution
		Debug|Any CPU = Debug|Any CPU
		Release|Any CPU = Release|Any CPU
	EndGlobalSection
	GlobalSection(ProjectConfigurationPlatforms) = postSolution
		{75EBF6C8-ED51-4E31-AF95-5E50361B7EE5}.Debug|Any CPU.ActiveCfg = Debug|Any CPU
		{75EBF6C8-ED51-4E31-AF95-5E50361B7EE5}.Debug|Any CPU.Build.0 = Debug|Any CPU
		{75EBF6C8-ED51-4E31-AF95-5E50361B7EE5}.Release|Any CPU.ActiveCfg = Release|Any CPU
		{75EBF6C8-ED51-4E31-AF95-5E50361B7EE5}.Release|Any CPU.Build.0 = Release|Any CPU
	EndGlobalSection
	GlobalSection(SolutionProperties) = preSolution
		HideSolutionNode = FALSE
	EndGlobalSection
	GlobalSection(ExtensibilityGlobals) = postSolution
		SolutionGuid = {418CAD35-D8C2-4FED-8314-7B8486176142}
	EndGlobalSection
EndGlobal
