
Microsoft Visual Studio Solution File, Format Version 12.00
# Visual Studio Version 16
VisualStudioVersion = 16.0.31911.196
MinimumVisualStudioVersion = 10.0.40219.1
Project("{FAE04EC0-301F-11D3-BF4B-00C04F79EFBC}") = "MtvHesaplayıcıV1", "MtvHesaplayıcıV1\MtvHesaplayıcıV1.csproj", "{62E55CF8-3BC3-4661-BFC6-E65A67E11E1D}"
EndProject
Global
	GlobalSection(SolutionConfigurationPlatforms) = preSolution
		Debug|Any CPU = Debug|Any CPU
		Release|Any CPU = Release|Any CPU
	EndGlobalSection
	GlobalSection(ProjectConfigurationPlatforms) = postSolution
		{62E55CF8-3BC3-4661-BFC6-E65A67E11E1D}.Debug|Any CPU.ActiveCfg = Debug|Any CPU
		{62E55CF8-3BC3-4661-BFC6-E65A67E11E1D}.Debug|Any CPU.Build.0 = Debug|Any CPU
		{62E55CF8-3BC3-4661-BFC6-E65A67E11E1D}.Release|Any CPU.ActiveCfg = Release|Any CPU
		{62E55CF8-3BC3-4661-BFC6-E65A67E11E1D}.Release|Any CPU.Build.0 = Release|Any CPU
	EndGlobalSection
	GlobalSection(SolutionProperties) = preSolution
		HideSolutionNode = FALSE
	EndGlobalSection
	GlobalSection(ExtensibilityGlobals) = postSolution
		SolutionGuid = {0A783B95-D744-488E-94C8-84609F5EB08B}
	EndGlobalSection
EndGlobal
