
Microsoft Visual Studio Solution File, Format Version 12.00
# Visual Studio Version 16
VisualStudioVersion = 16.0.28729.10
MinimumVisualStudioVersion = 10.0.40219.1
Project("{FAE04EC0-301F-11D3-BF4B-00C04F79EFBC}") = "MtvHesap", "MtvHesap\MtvHesap.csproj", "{D7FB3165-6E45-472B-AAD0-170E9AEF3653}"
EndProject
Global
	GlobalSection(SolutionConfigurationPlatforms) = preSolution
		Debug|Any CPU = Debug|Any CPU
		Release|Any CPU = Release|Any CPU
	EndGlobalSection
	GlobalSection(ProjectConfigurationPlatforms) = postSolution
		{D7FB3165-6E45-472B-AAD0-170E9AEF3653}.Debug|Any CPU.ActiveCfg = Debug|Any CPU
		{D7FB3165-6E45-472B-AAD0-170E9AEF3653}.Debug|Any CPU.Build.0 = Debug|Any CPU
		{D7FB3165-6E45-472B-AAD0-170E9AEF3653}.Release|Any CPU.ActiveCfg = Release|Any CPU
		{D7FB3165-6E45-472B-AAD0-170E9AEF3653}.Release|Any CPU.Build.0 = Release|Any CPU
	EndGlobalSection
	GlobalSection(SolutionProperties) = preSolution
		HideSolutionNode = FALSE
	EndGlobalSection
	GlobalSection(ExtensibilityGlobals) = postSolution
		SolutionGuid = {E089C2EB-7AF1-4AC0-B6A9-9822E0468A84}
	EndGlobalSection
EndGlobal
