
Microsoft Visual Studio Solution File, Format Version 12.00
# Visual Studio Version 16
VisualStudioVersion = 16.0.28729.10
MinimumVisualStudioVersion = 10.0.40219.1
Project("{FAE04EC0-301F-11D3-BF4B-00C04F79EFBC}") = "otvhesap", "otvhesap\otvhesap.csproj", "{CB220CDB-65EC-4847-A99D-91500F41E1E2}"
EndProject
Global
	GlobalSection(SolutionConfigurationPlatforms) = preSolution
		Debug|Any CPU = Debug|Any CPU
		Release|Any CPU = Release|Any CPU
	EndGlobalSection
	GlobalSection(ProjectConfigurationPlatforms) = postSolution
		{CB220CDB-65EC-4847-A99D-91500F41E1E2}.Debug|Any CPU.ActiveCfg = Debug|Any CPU
		{CB220CDB-65EC-4847-A99D-91500F41E1E2}.Debug|Any CPU.Build.0 = Debug|Any CPU
		{CB220CDB-65EC-4847-A99D-91500F41E1E2}.Release|Any CPU.ActiveCfg = Release|Any CPU
		{CB220CDB-65EC-4847-A99D-91500F41E1E2}.Release|Any CPU.Build.0 = Release|Any CPU
	EndGlobalSection
	GlobalSection(SolutionProperties) = preSolution
		HideSolutionNode = FALSE
	EndGlobalSection
	GlobalSection(ExtensibilityGlobals) = postSolution
		SolutionGuid = {954B2A37-0534-4A42-AE3F-8706C7E03017}
	EndGlobalSection
EndGlobal
